
Microsoft Visual Studio Solution File, Format Version 12.00
# Visual Studio Version 16
VisualStudioVersion = 16.0.33027.164
MinimumVisualStudioVersion = 10.0.40219.1
Project("{FAE04EC0-301F-11D3-BF4B-00C04F79EFBC}") = "HackerRank30DaysOfCodeD7", "HackerRank30DaysOfCodeD7\HackerRank30DaysOfCodeD7.csproj", "{E798C601-AA8D-4EC0-925F-5A30B20662ED}"
EndProject
Global
	GlobalSection(SolutionConfigurationPlatforms) = preSolution
		Debug|Any CPU = Debug|Any CPU
		Release|Any CPU = Release|Any CPU
	EndGlobalSection
	GlobalSection(ProjectConfigurationPlatforms) = postSolution
		{E798C601-AA8D-4EC0-925F-5A30B20662ED}.Debug|Any CPU.ActiveCfg = Debug|Any CPU
		{E798C601-AA8D-4EC0-925F-5A30B20662ED}.Debug|Any CPU.Build.0 = Debug|Any CPU
		{E798C601-AA8D-4EC0-925F-5A30B20662ED}.Release|Any CPU.ActiveCfg = Release|Any CPU
		{E798C601-AA8D-4EC0-925F-5A30B20662ED}.Release|Any CPU.Build.0 = Release|Any CPU
	EndGlobalSection
	GlobalSection(SolutionProperties) = preSolution
		HideSolutionNode = FALSE
	EndGlobalSection
	GlobalSection(ExtensibilityGlobals) = postSolution
		SolutionGuid = {AB237FA3-475C-473A-B3DE-3501302D1B44}
	EndGlobalSection
EndGlobal
